
Microsoft Visual Studio Solution File, Format Version 12.00
# Visual Studio 15
VisualStudioVersion = 15.0.28010.2050
MinimumVisualStudioVersion = 10.0.40219.1
Project("{FAE04EC0-301F-11D3-BF4B-00C04F79EFBC}") = "RationalEXAM", "RationalEXAM\RationalEXAM.csproj", "{0978F7D3-7286-450C-8902-A3855408912C}"
EndProject
Global
	GlobalSection(SolutionConfigurationPlatforms) = preSolution
		Debug|Any CPU = Debug|Any CPU
		Release|Any CPU = Release|Any CPU
	EndGlobalSection
	GlobalSection(ProjectConfigurationPlatforms) = postSolution
		{0978F7D3-7286-450C-8902-A3855408912C}.Debug|Any CPU.ActiveCfg = Debug|Any CPU
		{0978F7D3-7286-450C-8902-A3855408912C}.Debug|Any CPU.Build.0 = Debug|Any CPU
		{0978F7D3-7286-450C-8902-A3855408912C}.Release|Any CPU.ActiveCfg = Release|Any CPU
		{0978F7D3-7286-450C-8902-A3855408912C}.Release|Any CPU.Build.0 = Release|Any CPU
	EndGlobalSection
	GlobalSection(SolutionProperties) = preSolution
		HideSolutionNode = FALSE
	EndGlobalSection
	GlobalSection(ExtensibilityGlobals) = postSolution
		SolutionGuid = {77F90A8C-A83A-423A-BBBE-091C99FEE636}
	EndGlobalSection
EndGlobal
